// !$*UTF8*$!
{
	archiveVersion = 1;
	classes = {
	};
	objectVersion = 50;
	objects = {

/* Begin PBXBuildFile section */
		2CD768D82369B4B200A18976 /* AppDelegate.swift in Sources */ = {isa = PBXBuildFile; fileRef = 2CD768D72369B4B200A18976 /* AppDelegate.swift */; };
		2CD768DA2369B4B200A18976 /* SceneDelegate.swift in Sources */ = {isa = PBXBuildFile; fileRef = 2CD768D92369B4B200A18976 /* SceneDelegate.swift */; };
		2CD768DC2369B4B200A18976 /* ViewController.swift in Sources */ = {isa = PBXBuildFile; fileRef = 2CD768DB2369B4B200A18976 /* ViewController.swift */; };
		2CD768DF2369B4B200A18976 /* Main.storyboard in Resources */ = {isa = PBXBuildFile; fileRef = 2CD768DD2369B4B200A18976 /* Main.storyboard */; };
		2CD768E12369B4B400A18976 /* Assets.xcassets in Resources */ = {isa = PBXBuildFile; fileRef = 2CD768E02369B4B400A18976 /* Assets.xcassets */; };
		2CD768E42369B4B400A18976 /* LaunchScreen.storyboard in Resources */ = {isa = PBXBuildFile; fileRef = 2CD768E22369B4B400A18976 /* LaunchScreen.storyboard */; };
		2CD768EC2369BEEA00A18976 /* CustomButtom.swift in Sources */ = {isa = PBXBuildFile; fileRef = 2CD768EB2369BEEA00A18976 /* CustomButtom.swift */; };
		2CD768EE2369C30A00A18976 /* CounterView.swift in Sources */ = {isa = PBXBuildFile; fileRef = 2CD768ED2369C30A00A18976 /* CounterView.swift */; };
/* End PBXBuildFile section */

/* Begin PBXFileReference section */
		2CD768D42369B4B200A18976 /* IUE-Worksheet4.app */ = {isa = PBXFileReference; explicitFileType = wrapper.application; includeInIndex = 0; path = "IUE-Worksheet4.app"; sourceTree = BUILT_PRODUCTS_DIR; };
		2CD768D72369B4B200A18976 /* AppDelegate.swift */ = {isa = PBXFileReference; lastKnownFileType = sourcecode.swift; path = AppDelegate.swift; sourceTree = "<group>"; };
		2CD768D92369B4B200A18976 /* SceneDelegate.swift */ = {isa = PBXFileReference; lastKnownFileType = sourcecode.swift; path = SceneDelegate.swift; sourceTree = "<group>"; };
		2CD768DB2369B4B200A18976 /* ViewController.swift */ = {isa = PBXFileReference; lastKnownFileType = sourcecode.swift; path = ViewController.swift; sourceTree = "<group>"; };
		2CD768DE2369B4B200A18976 /* Base */ = {isa = PBXFileReference; lastKnownFileType = file.storyboard; name = Base; path = Base.lproj/Main.storyboard; sourceTree = "<group>"; };
		2CD768E02369B4B400A18976 /* Assets.xcassets */ = {isa = PBXFileReference; lastKnownFileType = folder.assetcatalog; path = Assets.xcassets; sourceTree = "<group>"; };
		2CD768E32369B4B400A18976 /* Base */ = {isa = PBXFileReference; lastKnownFileType = file.storyboard; name = Base; path = Base.lproj/LaunchScreen.storyboard; sourceTree = "<group>"; };
		2CD768E52369B4B400A18976 /* Info.plist */ = {isa = PBXFileReference; lastKnownFileType = text.plist.xml; path = Info.plist; sourceTree = "<group>"; };
		2CD768EB2369BEEA00A18976 /* CustomButtom.swift */ = {isa = PBXFileReference; lastKnownFileType = sourcecode.swift; path = CustomButtom.swift; sourceTree = "<group>"; };
		2CD768ED2369C30A00A18976 /* CounterView.swift */ = {isa = PBXFileReference; lastKnownFileType = sourcecode.swift; path = CounterView.swift; sourceTree = "<group>"; };
/* End PBXFileReference section */

/* Begin PBXFrameworksBuildPhase section */
		2CD768D12369B4B200A18976 /* Frameworks */ = {
			isa = PBXFrameworksBuildPhase;
			buildActionMask = 2147483647;
			files = (
			);
			runOnlyForDeploymentPostprocessing = 0;
		};
/* End PBXFrameworksBuildPhase section */

/* Begin PBXGroup section */
		2CD768CB2369B4B200A18976 = {
			isa = PBXGroup;
			children = (
				2CD768D62369B4B200A18976 /* IUE-Worksheet4 */,
				2CD768D52369B4B200A18976 /* Products */,
			);
			sourceTree = "<group>";
		};
		2CD768D52369B4B200A18976 /* Products */ = {
			isa = PBXGroup;
			children = (
				2CD768D42369B4B200A18976 /* IUE-Worksheet4.app */,
			);
			name = Products;
			sourceTree = "<group>";
		};
		2CD768D62369B4B200A18976 /* IUE-Worksheet4 */ = {
			isa = PBXGroup;
			children = (
				2CD768D72369B4B200A18976 /* AppDelegate.swift */,
				2CD768D92369B4B200A18976 /* SceneDelegate.swift */,
				2CD768DB2369B4B200A18976 /* ViewController.swift */,
				2CD768DD2369B4B200A18976 /* Main.storyboard */,
				2CD768ED2369C30A00A18976 /* CounterView.swift */,
				2CD768EB2369BEEA00A18976 /* CustomButtom.swift */,
				2CD768E02369B4B400A18976 /* Assets.xcassets */,
				2CD768E22369B4B400A18976 /* LaunchScreen.storyboard */,
				2CD768E52369B4B400A18976 /* Info.plist */,
			);
			path = "IUE-Worksheet4";
			sourceTree = "<group>";
		};
/* End PBXGroup section */

/* Begin PBXNativeTarget section */
		2CD768D32369B4B200A18976 /* IUE-Worksheet4 */ = {
			isa = PBXNativeTarget;
			buildConfigurationList = 2CD768E82369B4B400A18976 /* Build configuration list for PBXNativeTarget "IUE-Worksheet4" */;
			buildPhases = (
				2CD768D02369B4B200A18976 /* Sources */,
				2CD768D12369B4B200A18976 /* Frameworks */,
				2CD768D22369B4B200A18976 /* Resources */,
			);
			buildRules = (
			);
			dependencies = (
			);
			name = "IUE-Worksheet4";
			productName = "IUE-Worksheet4";
			productReference = 2CD768D42369B4B200A18976 /* IUE-Worksheet4.app */;
			productType = "com.apple.product-type.application";
		};
/* End PBXNativeTarget section */

/* Begin PBXProject section */
		2CD768CC2369B4B200A18976 /* Project object */ = {
			isa = PBXProject;
			attributes = {
				LastSwiftUpdateCheck = 1100;
				LastUpgradeCheck = 1100;
				ORGANIZATIONNAME = formando;
				TargetAttributes = {
					2CD768D32369B4B200A18976 = {
						CreatedOnToolsVersion = 11.0;
					};
				};
			};
			buildConfigurationList = 2CD768CF2369B4B200A18976 /* Build configuration list for PBXProject "IUE-Worksheet4" */;
			compatibilityVersion = "Xcode 9.3";
			developmentRegion = en;
			hasScannedForEncodings = 0;
			knownRegions = (
				en,
				Base,
			);
			mainGroup = 2CD768CB2369B4B200A18976;
			productRefGroup = 2CD768D52369B4B200A18976 /* Products */;
			projectDirPath = "";
			projectRoot = "";
			targets = (
				2CD768D32369B4B200A18976 /* IUE-Worksheet4 */,
			);
		};
/* End PBXProject section */

/* Begin PBXResourcesBuildPhase section */
		2CD768D22369B4B200A18976 /* Resources */ = {
			isa = PBXResourcesBuildPhase;
			buildActionMask = 2147483647;
			files = (
				2CD768E42369B4B400A18976 /* LaunchScreen.storyboard in Resources */,
				2CD768E12369B4B400A18976 /* Assets.xcassets in Resources */,
				2CD768DF2369B4B200A18976 /* Main.storyboard in Resources */,
			);
			runOnlyForDeploymentPostprocessing = 0;
		};
/* End PBXResourcesBuildPhase section */

/* Begin PBXSourcesBuildPhase section */
		2CD768D02369B4B200A18976 /* Sources */ = {
			isa = PBXSourcesBuildPhase;
			buildActionMask = 2147483647;
			files = (
				2CD768DC2369B4B200A18976 /* ViewController.swift in Sources */,
				2CD768D82369B4B200A18976 /* AppDelegate.swift in Sources */,
				2CD768DA2369B4B200A18976 /* SceneDelegate.swift in Sources */,
				2CD768EC2369BEEA00A18976 /* CustomButtom.swift in Sources */,
				2CD768EE2369C30A00A18976 /* CounterView.swift in Sources */,
			);
			runOnlyForDeploymentPostprocessing = 0;
		};
/* End PBXSourcesBuildPhase section */

/* Begin PBXVariantGroup section */
		2CD768DD2369B4B200A18976 /* Main.storyboard */ = {
			isa = PBXVariantGroup;
			children = (
				2CD768DE2369B4B200A18976 /* Base */,
			);
			name = Main.storyboard;
			sourceTree = "<group>";
		};
		2CD768E22369B4B400A18976 /* LaunchScreen.storyboard */ = {
			isa = PBXVariantGroup;
			children = (
				2CD768E32369B4B400A18976 /* Base */,
			);
			name = LaunchScreen.storyboard;
			sourceTree = "<group>";
		};
/* End PBXVariantGroup section */

/* Begin XCBuildConfiguration section */
		2CD768E62369B4B400A18976 /* Debug */ = {
			isa = XCBuildConfiguration;
			buildSettings = {
				ALWAYS_SEARCH_USER_PATHS = NO;
				CLANG_ANALYZER_NONNULL = YES;
				CLANG_ANALYZER_NUMBER_OBJECT_CONVERSION = YES_AGGRESSIVE;
				CLANG_CXX_LANGUAGE_STANDARD = "gnu++14";
				CLANG_CXX_LIBRARY = "libc++";
				CLANG_ENABLE_MODULES = YES;
				CLANG_ENABLE_OBJC_ARC = YES;
				CLANG_ENABLE_OBJC_WEAK = YES;
				CLANG_WARN_BLOCK_CAPTURE_AUTORELEASING = YES;
				CLANG_WARN_BOOL_CONVERSION = YES;
				CLANG_WARN_COMMA = YES;
				CLANG_WARN_CONSTANT_CONVERSION = YES;
				CLANG_WARN_DEPRECATED_OBJC_IMPLEMENTATIONS = YES;
				CLANG_WARN_DIRECT_OBJC_ISA_USAGE = YES_ERROR;
				CLANG_WARN_DOCUMENTATION_COMMENTS = YES;
				CLANG_WARN_EMPTY_BODY = YES;
				CLANG_WARN_ENUM_CONVERSION = YES;
				CLANG_WARN_INFINITE_RECURSION = YES;
				CLANG_WARN_INT_CONVERSION = YES;
				CLANG_WARN_NON_LITERAL_NULL_CONVERSION = YES;
				CLANG_WARN_OBJC_IMPLICIT_RETAIN_SELF = YES;
				CLANG_WARN_OBJC_LITERAL_CONVERSION = YES;
				CLANG_WARN_OBJC_ROOT_CLASS = YES_ERROR;
				CLANG_WARN_RANGE_LOOP_ANALYSIS = YES;
				CLANG_WARN_STRICT_PROTOTYPES = YES;
				CLANG_WARN_SUSPICIOUS_MOVE = YES;
				CLANG_WARN_UNGUARDED_AVAILABILITY = YES_AGGRESSIVE;
				CLANG_WARN_UNREACHABLE_CODE = YES;
				CLANG_WARN__DUPLICATE_METHOD_MATCH = YES;
				COPY_PHASE_STRIP = NO;
				DEBUG_INFORMATION_FORMAT = dwarf;
				ENABLE_STRICT_OBJC_MSGSEND = YES;
				ENABLE_TESTABILITY = YES;
				GCC_C_LANGUAGE_STANDARD = gnu11;
				GCC_DYNAMIC_NO_PIC = NO;
				GCC_NO_COMMON_BLOCKS = YES;
				GCC_OPTIMIZATION_LEVEL = 0;
				GCC_PREPROCESSOR_DEFINITIONS = (
					"DEBUG=1",
					"$(inherited)",
				);
				GCC_WARN_64_TO_32_BIT_CONVERSION = YES;
				GCC_WARN_ABOUT_RETURN_TYPE = YES_ERROR;
				GCC_WARN_UNDECLARED_SELECTOR = YES;
				GCC_WARN_UNINITIALIZED_AUTOS = YES_AGGRESSIVE;
				GCC_WARN_UNUSED_FUNCTION = YES;
				GCC_WARN_UNUSED_VARIABLE = YES;
				IPHONEOS_DEPLOYMENT_TARGET = 13.0;
				MTL_ENABLE_DEBUG_INFO = INCLUDE_SOURCE;
				MTL_FAST_MATH = YES;
				ONLY_ACTIVE_ARCH = YES;
				SDKROOT = iphoneos;
				SWIFT_ACTIVE_COMPILATION_CONDITIONS = DEBUG;
				SWIFT_OPTIMIZATION_LEVEL = "-Onone";
			};
			name = Debug;
		};
		2CD768E72369B4B400A18976 /* Release */ = {
			isa = XCBuildConfiguration;
			buildSettings = {
				ALWAYS_SEARCH_USER_PATHS = NO;
				CLANG_ANALYZER_NONNULL = YES;
				CLANG_ANALYZER_NUMBER_OBJECT_CONVERSION = YES_AGGRESSIVE;
				CLANG_CXX_LANGUAGE_STANDARD = "gnu++14";
				CLANG_CXX_LIBRARY = "libc++";
				CLANG_ENABLE_MODULES = YES;
				CLANG_ENABLE_OBJC_ARC = YES;
				CLANG_ENABLE_OBJC_WEAK = YES;
				CLANG_WARN_BLOCK_CAPTURE_AUTORELEASING = YES;
				CLANG_WARN_BOOL_CONVERSION = YES;
				CLANG_WARN_COMMA = YES;
				CLANG_WARN_CONSTANT_CONVERSION = YES;
				CLANG_WARN_DEPRECATED_OBJC_IMPLEMENTATIONS = YES;
				CLANG_WARN_DIRECT_OBJC_ISA_USAGE = YES_ERROR;
				CLANG_WARN_DOCUMENTATION_COMMENTS = YES;
				CLANG_WARN_EMPTY_BODY = YES;
				CLANG_WARN_ENUM_CONVERSION = YES;
				CLANG_WARN_INFINITE_RECURSION = YES;
				CLANG_WARN_INT_CONVERSION = YES;
				CLANG_WARN_NON_LITERAL_NULL_CONVERSION = YES;
				CLANG_WARN_OBJC_IMPLICIT_RETAIN_SELF = YES;
				CLANG_WARN_OBJC_LITERAL_CONVERSION = YES;
				CLANG_WARN_OBJC_ROOT_CLASS = YES_ERROR;
				CLANG_WARN_RANGE_LOOP_ANALYSIS = YES;
				CLANG_WARN_STRICT_PROTOTYPES = YES;
				CLANG_WARN_SUSPICIOUS_MOVE = YES;
				CLANG_WARN_UNGUARDED_AVAILABILITY = YES_AGGRESSIVE;
				CLANG_WARN_UNREACHABLE_CODE = YES;
				CLANG_WARN__DUPLICATE_METHOD_MATCH = YES;
				COPY_PHASE_STRIP = NO;
				DEBUG_INFORMATION_FORMAT = "dwarf-with-dsym";
				ENABLE_NS_ASSERTIONS = NO;
				ENABLE_STRICT_OBJC_MSGSEND = YES;
				GCC_C_LANGUAGE_STANDARD = gnu11;
				GCC_NO_COMMON_BLOCKS = YES;
				GCC_WARN_64_TO_32_BIT_CONVERSION = YES;
				GCC_WARN_ABOUT_RETURN_TYPE = YES_ERROR;
				GCC_WARN_UNDECLARED_SELECTOR = YES;
				GCC_WARN_UNINITIALIZED_AUTOS = YES_AGGRESSIVE;
				GCC_WARN_UNUSED_FUNCTION = YES;
				GCC_WARN_UNUSED_VARIABLE = YES;
				IPHONEOS_DEPLOYMENT_TARGET = 13.0;
				MTL_ENABLE_DEBUG_INFO = NO;
				MTL_FAST_MATH = YES;
				SDKROOT = iphoneos;
				SWIFT_COMPILATION_MODE = wholemodule;
				SWIFT_OPTIMIZATION_LEVEL = "-O";
				VALIDATE_PRODUCT = YES;
			};
			name = Release;
		};
		2CD768E92369B4B400A18976 /* Debug */ = {
			isa = XCBuildConfiguration;
			buildSettings = {
				ASSETCATALOG_COMPILER_APPICON_NAME = AppIcon;
				CODE_SIGN_STYLE = Automatic;
				INFOPLIST_FILE = "IUE-Worksheet4/Info.plist";
				LD_RUNPATH_SEARCH_PATHS = (
					"$(inherited)",
					"@executable_path/Frameworks",
				);
				PRODUCT_BUNDLE_IDENTIFIER = "IPL.IUE-Worksheet4";
				PRODUCT_NAME = "$(TARGET_NAME)";
				SWIFT_VERSION = 5.0;
				TARGETED_DEVICE_FAMILY = "1,2";
			};
			name = Debug;
		};
		2CD768EA2369B4B400A18976 /* Release */ = {
			isa = XCBuildConfiguration;
			buildSettings = {
				ASSETCATALOG_COMPILER_APPICON_NAME = AppIcon;
				CODE_SIGN_STYLE = Automatic;
				INFOPLIST_FILE = "IUE-Worksheet4/Info.plist";
				LD_RUNPATH_SEARCH_PATHS = (
					"$(inherited)",
					"@executable_path/Frameworks",
				);
				PRODUCT_BUNDLE_IDENTIFIER = "IPL.IUE-Worksheet4";
				PRODUCT_NAME = "$(TARGET_NAME)";
				SWIFT_VERSION = 5.0;
				TARGETED_DEVICE_FAMILY = "1,2";
			};
			name = Release;
		};
/* End XCBuildConfiguration section */

/* Begin XCConfigurationList section */
		2CD768CF2369B4B200A18976 /* Build configuration list for PBXProject "IUE-Worksheet4" */ = {
			isa = XCConfigurationList;
			buildConfigurations = (
				2CD768E62369B4B400A18976 /* Debug */,
				2CD768E72369B4B400A18976 /* Release */,
			);
			defaultConfigurationIsVisible = 0;
			defaultConfigurationName = Release;
		};
		2CD768E82369B4B400A18976 /* Build configuration list for PBXNativeTarget "IUE-Worksheet4" */ = {
			isa = XCConfigurationList;
			buildConfigurations = (
				2CD768E92369B4B400A18976 /* Debug */,
				2CD768EA2369B4B400A18976 /* Release */,
			);
			defaultConfigurationIsVisible = 0;
			defaultConfigurationName = Release;
		};
/* End XCConfigurationList section */
	};
	rootObject = 2CD768CC2369B4B200A18976 /* Project object */;
}
